
Microsoft Visual Studio Solution File, Format Version 12.00
# Visual Studio Version 17
VisualStudioVersion = 17.9.34902.65
MinimumVisualStudioVersion = 10.0.40219.1
Project("{8BC9CEB8-8B4A-11D0-8D11-00A0C91BC942}") = "07 ClassFileWraper", "07 ClassFileWraper.vcxproj", "{BD59AC8E-8F36-4F80-9434-3DAB5A849BA1}"
EndProject
Global
	GlobalSection(SolutionConfigurationPlatforms) = preSolution
		Debug|x64 = Debug|x64
		Debug|x86 = Debug|x86
		Release|x64 = Release|x64
		Release|x86 = Release|x86
	EndGlobalSection
	GlobalSection(ProjectConfigurationPlatforms) = postSolution
		{BD59AC8E-8F36-4F80-9434-3DAB5A849BA1}.Debug|x64.ActiveCfg = Debug|x64
		{BD59AC8E-8F36-4F80-9434-3DAB5A849BA1}.Debug|x64.Build.0 = Debug|x64
		{BD59AC8E-8F36-4F80-9434-3DAB5A849BA1}.Debug|x86.ActiveCfg = Debug|Win32
		{BD59AC8E-8F36-4F80-9434-3DAB5A849BA1}.Debug|x86.Build.0 = Debug|Win32
		{BD59AC8E-8F36-4F80-9434-3DAB5A849BA1}.Release|x64.ActiveCfg = Release|x64
		{BD59AC8E-8F36-4F80-9434-3DAB5A849BA1}.Release|x64.Build.0 = Release|x64
		{BD59AC8E-8F36-4F80-9434-3DAB5A849BA1}.Release|x86.ActiveCfg = Release|Win32
		{BD59AC8E-8F36-4F80-9434-3DAB5A849BA1}.Release|x86.Build.0 = Release|Win32
	EndGlobalSection
	GlobalSection(SolutionProperties) = preSolution
		HideSolutionNode = FALSE
	EndGlobalSection
	GlobalSection(ExtensibilityGlobals) = postSolution
		SolutionGuid = {DE3620EA-2D76-4067-8FC4-67CCF1E56045}
	EndGlobalSection
EndGlobal
